// !$*UTF8*$!
{
	archiveVersion = 1;
	classes = {
	};
	objectVersion = 50;
	objects = {

/* Begin PBXBuildFile section */
		3DD83C1723396A0D00B035DE /* AppDelegate.swift in Sources */ = {isa = PBXBuildFile; fileRef = 3DD83C1623396A0D00B035DE /* AppDelegate.swift */; };
		3DD83C1923396A0D00B035DE /* ViewController.swift in Sources */ = {isa = PBXBuildFile; fileRef = 3DD83C1823396A0D00B035DE /* ViewController.swift */; };
		3DD83C1C23396A0E00B035DE /* Main.storyboard in Resources */ = {isa = PBXBuildFile; fileRef = 3DD83C1A23396A0E00B035DE /* Main.storyboard */; };
		3DD83C1E23396A0F00B035DE /* Assets.xcassets in Resources */ = {isa = PBXBuildFile; fileRef = 3DD83C1D23396A0F00B035DE /* Assets.xcassets */; };
		3DD83C2123396A0F00B035DE /* LaunchScreen.storyboard in Resources */ = {isa = PBXBuildFile; fileRef = 3DD83C1F23396A0F00B035DE /* LaunchScreen.storyboard */; };
		3DD83C2C23396A0F00B035DE /* NavegacionTests.swift in Sources */ = {isa = PBXBuildFile; fileRef = 3DD83C2B23396A0F00B035DE /* NavegacionTests.swift */; };
		3DD83C3723396A0F00B035DE /* NavegacionUITests.swift in Sources */ = {isa = PBXBuildFile; fileRef = 3DD83C3623396A0F00B035DE /* NavegacionUITests.swift */; };
		3DD83C45233970E400B035DE /* Materia.swift in Sources */ = {isa = PBXBuildFile; fileRef = 3DD83C44233970E400B035DE /* Materia.swift */; };
		3DD83C472339722D00B035DE /* CalificacionesController.swift in Sources */ = {isa = PBXBuildFile; fileRef = 3DD83C462339722D00B035DE /* CalificacionesController.swift */; };
/* End PBXBuildFile section */

/* Begin PBXContainerItemProxy section */
		3DD83C2823396A0F00B035DE /* PBXContainerItemProxy */ = {
			isa = PBXContainerItemProxy;
			containerPortal = 3DD83C0B23396A0D00B035DE /* Project object */;
			proxyType = 1;
			remoteGlobalIDString = 3DD83C1223396A0D00B035DE;
			remoteInfo = Navegacion;
		};
		3DD83C3323396A0F00B035DE /* PBXContainerItemProxy */ = {
			isa = PBXContainerItemProxy;
			containerPortal = 3DD83C0B23396A0D00B035DE /* Project object */;
			proxyType = 1;
			remoteGlobalIDString = 3DD83C1223396A0D00B035DE;
			remoteInfo = Navegacion;
		};
/* End PBXContainerItemProxy section */

/* Begin PBXFileReference section */
		3DD83C1323396A0D00B035DE /* Navegacion.app */ = {isa = PBXFileReference; explicitFileType = wrapper.application; includeInIndex = 0; path = Navegacion.app; sourceTree = BUILT_PRODUCTS_DIR; };
		3DD83C1623396A0D00B035DE /* AppDelegate.swift */ = {isa = PBXFileReference; lastKnownFileType = sourcecode.swift; path = AppDelegate.swift; sourceTree = "<group>"; };
		3DD83C1823396A0D00B035DE /* ViewController.swift */ = {isa = PBXFileReference; lastKnownFileType = sourcecode.swift; path = ViewController.swift; sourceTree = "<group>"; };
		3DD83C1B23396A0E00B035DE /* Base */ = {isa = PBXFileReference; lastKnownFileType = file.storyboard; name = Base; path = Base.lproj/Main.storyboard; sourceTree = "<group>"; };
		3DD83C1D23396A0F00B035DE /* Assets.xcassets */ = {isa = PBXFileReference; lastKnownFileType = folder.assetcatalog; path = Assets.xcassets; sourceTree = "<group>"; };
		3DD83C2023396A0F00B035DE /* Base */ = {isa = PBXFileReference; lastKnownFileType = file.storyboard; name = Base; path = Base.lproj/LaunchScreen.storyboard; sourceTree = "<group>"; };
		3DD83C2223396A0F00B035DE /* Info.plist */ = {isa = PBXFileReference; lastKnownFileType = text.plist.xml; path = Info.plist; sourceTree = "<group>"; };
		3DD83C2723396A0F00B035DE /* NavegacionTests.xctest */ = {isa = PBXFileReference; explicitFileType = wrapper.cfbundle; includeInIndex = 0; path = NavegacionTests.xctest; sourceTree = BUILT_PRODUCTS_DIR; };
		3DD83C2B23396A0F00B035DE /* NavegacionTests.swift */ = {isa = PBXFileReference; lastKnownFileType = sourcecode.swift; path = NavegacionTests.swift; sourceTree = "<group>"; };
		3DD83C2D23396A0F00B035DE /* Info.plist */ = {isa = PBXFileReference; lastKnownFileType = text.plist.xml; path = Info.plist; sourceTree = "<group>"; };
		3DD83C3223396A0F00B035DE /* NavegacionUITests.xctest */ = {isa = PBXFileReference; explicitFileType = wrapper.cfbundle; includeInIndex = 0; path = NavegacionUITests.xctest; sourceTree = BUILT_PRODUCTS_DIR; };
		3DD83C3623396A0F00B035DE /* NavegacionUITests.swift */ = {isa = PBXFileReference; lastKnownFileType = sourcecode.swift; path = NavegacionUITests.swift; sourceTree = "<group>"; };
		3DD83C3823396A0F00B035DE /* Info.plist */ = {isa = PBXFileReference; lastKnownFileType = text.plist.xml; path = Info.plist; sourceTree = "<group>"; };
		3DD83C44233970E400B035DE /* Materia.swift */ = {isa = PBXFileReference; lastKnownFileType = sourcecode.swift; path = Materia.swift; sourceTree = "<group>"; };
		3DD83C462339722D00B035DE /* CalificacionesController.swift */ = {isa = PBXFileReference; lastKnownFileType = sourcecode.swift; path = CalificacionesController.swift; sourceTree = "<group>"; };
/* End PBXFileReference section */

/* Begin PBXFrameworksBuildPhase section */
		3DD83C1023396A0D00B035DE /* Frameworks */ = {
			isa = PBXFrameworksBuildPhase;
			buildActionMask = 2147483647;
			files = (
			);
			runOnlyForDeploymentPostprocessing = 0;
		};
		3DD83C2423396A0F00B035DE /* Frameworks */ = {
			isa = PBXFrameworksBuildPhase;
			buildActionMask = 2147483647;
			files = (
			);
			runOnlyForDeploymentPostprocessing = 0;
		};
		3DD83C2F23396A0F00B035DE /* Frameworks */ = {
			isa = PBXFrameworksBuildPhase;
			buildActionMask = 2147483647;
			files = (
			);
			runOnlyForDeploymentPostprocessing = 0;
		};
/* End PBXFrameworksBuildPhase section */

/* Begin PBXGroup section */
		3DD83C0A23396A0D00B035DE = {
			isa = PBXGroup;
			children = (
				3DD83C462339722D00B035DE /* CalificacionesController.swift */,
				3DD83C44233970E400B035DE /* Materia.swift */,
				3DD83C1523396A0D00B035DE /* Navegacion */,
				3DD83C2A23396A0F00B035DE /* NavegacionTests */,
				3DD83C3523396A0F00B035DE /* NavegacionUITests */,
				3DD83C1423396A0D00B035DE /* Products */,
			);
			sourceTree = "<group>";
		};
		3DD83C1423396A0D00B035DE /* Products */ = {
			isa = PBXGroup;
			children = (
				3DD83C1323396A0D00B035DE /* Navegacion.app */,
				3DD83C2723396A0F00B035DE /* NavegacionTests.xctest */,
				3DD83C3223396A0F00B035DE /* NavegacionUITests.xctest */,
			);
			name = Products;
			sourceTree = "<group>";
		};
		3DD83C1523396A0D00B035DE /* Navegacion */ = {
			isa = PBXGroup;
			children = (
				3DD83C1623396A0D00B035DE /* AppDelegate.swift */,
				3DD83C1823396A0D00B035DE /* ViewController.swift */,
				3DD83C1A23396A0E00B035DE /* Main.storyboard */,
				3DD83C1D23396A0F00B035DE /* Assets.xcassets */,
				3DD83C1F23396A0F00B035DE /* LaunchScreen.storyboard */,
				3DD83C2223396A0F00B035DE /* Info.plist */,
			);
			path = Navegacion;
			sourceTree = "<group>";
		};
		3DD83C2A23396A0F00B035DE /* NavegacionTests */ = {
			isa = PBXGroup;
			children = (
				3DD83C2B23396A0F00B035DE /* NavegacionTests.swift */,
				3DD83C2D23396A0F00B035DE /* Info.plist */,
			);
			path = NavegacionTests;
			sourceTree = "<group>";
		};
		3DD83C3523396A0F00B035DE /* NavegacionUITests */ = {
			isa = PBXGroup;
			children = (
				3DD83C3623396A0F00B035DE /* NavegacionUITests.swift */,
				3DD83C3823396A0F00B035DE /* Info.plist */,
			);
			path = NavegacionUITests;
			sourceTree = "<group>";
		};
/* End PBXGroup section */

/* Begin PBXNativeTarget section */
		3DD83C1223396A0D00B035DE /* Navegacion */ = {
			isa = PBXNativeTarget;
			buildConfigurationList = 3DD83C3B23396A1000B035DE /* Build configuration list for PBXNativeTarget "Navegacion" */;
			buildPhases = (
				3DD83C0F23396A0D00B035DE /* Sources */,
				3DD83C1023396A0D00B035DE /* Frameworks */,
				3DD83C1123396A0D00B035DE /* Resources */,
			);
			buildRules = (
			);
			dependencies = (
			);
			name = Navegacion;
			productName = Navegacion;
			productReference = 3DD83C1323396A0D00B035DE /* Navegacion.app */;
			productType = "com.apple.product-type.application";
		};
		3DD83C2623396A0F00B035DE /* NavegacionTests */ = {
			isa = PBXNativeTarget;
			buildConfigurationList = 3DD83C3E23396A1000B035DE /* Build configuration list for PBXNativeTarget "NavegacionTests" */;
			buildPhases = (
				3DD83C2323396A0F00B035DE /* Sources */,
				3DD83C2423396A0F00B035DE /* Frameworks */,
				3DD83C2523396A0F00B035DE /* Resources */,
			);
			buildRules = (
			);
			dependencies = (
				3DD83C2923396A0F00B035DE /* PBXTargetDependency */,
			);
			name = NavegacionTests;
			productName = NavegacionTests;
			productReference = 3DD83C2723396A0F00B035DE /* NavegacionTests.xctest */;
			productType = "com.apple.product-type.bundle.unit-test";
		};
		3DD83C3123396A0F00B035DE /* NavegacionUITests */ = {
			isa = PBXNativeTarget;
			buildConfigurationList = 3DD83C4123396A1000B035DE /* Build configuration list for PBXNativeTarget "NavegacionUITests" */;
			buildPhases = (
				3DD83C2E23396A0F00B035DE /* Sources */,
				3DD83C2F23396A0F00B035DE /* Frameworks */,
				3DD83C3023396A0F00B035DE /* Resources */,
			);
			buildRules = (
			);
			dependencies = (
				3DD83C3423396A0F00B035DE /* PBXTargetDependency */,
			);
			name = NavegacionUITests;
			productName = NavegacionUITests;
			productReference = 3DD83C3223396A0F00B035DE /* NavegacionUITests.xctest */;
			productType = "com.apple.product-type.bundle.ui-testing";
		};
/* End PBXNativeTarget section */

/* Begin PBXProject section */
		3DD83C0B23396A0D00B035DE /* Project object */ = {
			isa = PBXProject;
			attributes = {
				LastSwiftUpdateCheck = 1030;
				LastUpgradeCheck = 1030;
				ORGANIZATIONNAME = Alumno;
				TargetAttributes = {
					3DD83C1223396A0D00B035DE = {
						CreatedOnToolsVersion = 10.3;
					};
					3DD83C2623396A0F00B035DE = {
						CreatedOnToolsVersion = 10.3;
						TestTargetID = 3DD83C1223396A0D00B035DE;
					};
					3DD83C3123396A0F00B035DE = {
						CreatedOnToolsVersion = 10.3;
						TestTargetID = 3DD83C1223396A0D00B035DE;
					};
				};
			};
			buildConfigurationList = 3DD83C0E23396A0D00B035DE /* Build configuration list for PBXProject "Navegacion" */;
			compatibilityVersion = "Xcode 9.3";
			developmentRegion = en;
			hasScannedForEncodings = 0;
			knownRegions = (
				en,
				Base,
			);
			mainGroup = 3DD83C0A23396A0D00B035DE;
			productRefGroup = 3DD83C1423396A0D00B035DE /* Products */;
			projectDirPath = "";
			projectRoot = "";
			targets = (
				3DD83C1223396A0D00B035DE /* Navegacion */,
				3DD83C2623396A0F00B035DE /* NavegacionTests */,
				3DD83C3123396A0F00B035DE /* NavegacionUITests */,
			);
		};
/* End PBXProject section */

/* Begin PBXResourcesBuildPhase section */
		3DD83C1123396A0D00B035DE /* Resources */ = {
			isa = PBXResourcesBuildPhase;
			buildActionMask = 2147483647;
			files = (
				3DD83C2123396A0F00B035DE /* LaunchScreen.storyboard in Resources */,
				3DD83C1E23396A0F00B035DE /* Assets.xcassets in Resources */,
				3DD83C1C23396A0E00B035DE /* Main.storyboard in Resources */,
			);
			runOnlyForDeploymentPostprocessing = 0;
		};
		3DD83C2523396A0F00B035DE /* Resources */ = {
			isa = PBXResourcesBuildPhase;
			buildActionMask = 2147483647;
			files = (
			);
			runOnlyForDeploymentPostprocessing = 0;
		};
		3DD83C3023396A0F00B035DE /* Resources */ = {
			isa = PBXResourcesBuildPhase;
			buildActionMask = 2147483647;
			files = (
			);
			runOnlyForDeploymentPostprocessing = 0;
		};
/* End PBXResourcesBuildPhase section */

/* Begin PBXSourcesBuildPhase section */
		3DD83C0F23396A0D00B035DE /* Sources */ = {
			isa = PBXSourcesBuildPhase;
			buildActionMask = 2147483647;
			files = (
				3DD83C1923396A0D00B035DE /* ViewController.swift in Sources */,
				3DD83C1723396A0D00B035DE /* AppDelegate.swift in Sources */,
				3DD83C472339722D00B035DE /* CalificacionesController.swift in Sources */,
				3DD83C45233970E400B035DE /* Materia.swift in Sources */,
			);
			runOnlyForDeploymentPostprocessing = 0;
		};
		3DD83C2323396A0F00B035DE /* Sources */ = {
			isa = PBXSourcesBuildPhase;
			buildActionMask = 2147483647;
			files = (
				3DD83C2C23396A0F00B035DE /* NavegacionTests.swift in Sources */,
			);
			runOnlyForDeploymentPostprocessing = 0;
		};
		3DD83C2E23396A0F00B035DE /* Sources */ = {
			isa = PBXSourcesBuildPhase;
			buildActionMask = 2147483647;
			files = (
				3DD83C3723396A0F00B035DE /* NavegacionUITests.swift in Sources */,
			);
			runOnlyForDeploymentPostprocessing = 0;
		};
/* End PBXSourcesBuildPhase section */

/* Begin PBXTargetDependency section */
		3DD83C2923396A0F00B035DE /* PBXTargetDependency */ = {
			isa = PBXTargetDependency;
			target = 3DD83C1223396A0D00B035DE /* Navegacion */;
			targetProxy = 3DD83C2823396A0F00B035DE /* PBXContainerItemProxy */;
		};
		3DD83C3423396A0F00B035DE /* PBXTargetDependency */ = {
			isa = PBXTargetDependency;
			target = 3DD83C1223396A0D00B035DE /* Navegacion */;
			targetProxy = 3DD83C3323396A0F00B035DE /* PBXContainerItemProxy */;
		};
/* End PBXTargetDependency section */

/* Begin PBXVariantGroup section */
		3DD83C1A23396A0E00B035DE /* Main.storyboard */ = {
			isa = PBXVariantGroup;
			children = (
				3DD83C1B23396A0E00B035DE /* Base */,
			);
			name = Main.storyboard;
			sourceTree = "<group>";
		};
		3DD83C1F23396A0F00B035DE /* LaunchScreen.storyboard */ = {
			isa = PBXVariantGroup;
			children = (
				3DD83C2023396A0F00B035DE /* Base */,
			);
			name = LaunchScreen.storyboard;
			sourceTree = "<group>";
		};
/* End PBXVariantGroup section */

/* Begin XCBuildConfiguration section */
		3DD83C3923396A0F00B035DE /* Debug */ = {
			isa = XCBuildConfiguration;
			buildSettings = {
				ALWAYS_SEARCH_USER_PATHS = NO;
				CLANG_ANALYZER_NONNULL = YES;
				CLANG_ANALYZER_NUMBER_OBJECT_CONVERSION = YES_AGGRESSIVE;
				CLANG_CXX_LANGUAGE_STANDARD = "gnu++14";
				CLANG_CXX_LIBRARY = "libc++";
				CLANG_ENABLE_MODULES = YES;
				CLANG_ENABLE_OBJC_ARC = YES;
				CLANG_ENABLE_OBJC_WEAK = YES;
				CLANG_WARN_BLOCK_CAPTURE_AUTORELEASING = YES;
				CLANG_WARN_BOOL_CONVERSION = YES;
				CLANG_WARN_COMMA = YES;
				CLANG_WARN_CONSTANT_CONVERSION = YES;
				CLANG_WARN_DEPRECATED_OBJC_IMPLEMENTATIONS = YES;
				CLANG_WARN_DIRECT_OBJC_ISA_USAGE = YES_ERROR;
				CLANG_WARN_DOCUMENTATION_COMMENTS = YES;
				CLANG_WARN_EMPTY_BODY = YES;
				CLANG_WARN_ENUM_CONVERSION = YES;
				CLANG_WARN_INFINITE_RECURSION = YES;
				CLANG_WARN_INT_CONVERSION = YES;
				CLANG_WARN_NON_LITERAL_NULL_CONVERSION = YES;
				CLANG_WARN_OBJC_IMPLICIT_RETAIN_SELF = YES;
				CLANG_WARN_OBJC_LITERAL_CONVERSION = YES;
				CLANG_WARN_OBJC_ROOT_CLASS = YES_ERROR;
				CLANG_WARN_RANGE_LOOP_ANALYSIS = YES;
				CLANG_WARN_STRICT_PROTOTYPES = YES;
				CLANG_WARN_SUSPICIOUS_MOVE = YES;
				CLANG_WARN_UNGUARDED_AVAILABILITY = YES_AGGRESSIVE;
				CLANG_WARN_UNREACHABLE_CODE = YES;
				CLANG_WARN__DUPLICATE_METHOD_MATCH = YES;
				CODE_SIGN_IDENTITY = "iPhone Developer";
				COPY_PHASE_STRIP = NO;
				DEBUG_INFORMATION_FORMAT = dwarf;
				ENABLE_STRICT_OBJC_MSGSEND = YES;
				ENABLE_TESTABILITY = YES;
				GCC_C_LANGUAGE_STANDARD = gnu11;
				GCC_DYNAMIC_NO_PIC = NO;
				GCC_NO_COMMON_BLOCKS = YES;
				GCC_OPTIMIZATION_LEVEL = 0;
				GCC_PREPROCESSOR_DEFINITIONS = (
					"DEBUG=1",
					"$(inherited)",
				);
				GCC_WARN_64_TO_32_BIT_CONVERSION = YES;
				GCC_WARN_ABOUT_RETURN_TYPE = YES_ERROR;
				GCC_WARN_UNDECLARED_SELECTOR = YES;
				GCC_WARN_UNINITIALIZED_AUTOS = YES_AGGRESSIVE;
				GCC_WARN_UNUSED_FUNCTION = YES;
				GCC_WARN_UNUSED_VARIABLE = YES;
				IPHONEOS_DEPLOYMENT_TARGET = 12.4;
				MTL_ENABLE_DEBUG_INFO = INCLUDE_SOURCE;
				MTL_FAST_MATH = YES;
				ONLY_ACTIVE_ARCH = YES;
				SDKROOT = iphoneos;
				SWIFT_ACTIVE_COMPILATION_CONDITIONS = DEBUG;
				SWIFT_OPTIMIZATION_LEVEL = "-Onone";
			};
			name = Debug;
		};
		3DD83C3A23396A0F00B035DE /* Release */ = {
			isa = XCBuildConfiguration;
			buildSettings = {
				ALWAYS_SEARCH_USER_PATHS = NO;
				CLANG_ANALYZER_NONNULL = YES;
				CLANG_ANALYZER_NUMBER_OBJECT_CONVERSION = YES_AGGRESSIVE;
				CLANG_CXX_LANGUAGE_STANDARD = "gnu++14";
				CLANG_CXX_LIBRARY = "libc++";
				CLANG_ENABLE_MODULES = YES;
				CLANG_ENABLE_OBJC_ARC = YES;
				CLANG_ENABLE_OBJC_WEAK = YES;
				CLANG_WARN_BLOCK_CAPTURE_AUTORELEASING = YES;
				CLANG_WARN_BOOL_CONVERSION = YES;
				CLANG_WARN_COMMA = YES;
				CLANG_WARN_CONSTANT_CONVERSION = YES;
				CLANG_WARN_DEPRECATED_OBJC_IMPLEMENTATIONS = YES;
				CLANG_WARN_DIRECT_OBJC_ISA_USAGE = YES_ERROR;
				CLANG_WARN_DOCUMENTATION_COMMENTS = YES;
				CLANG_WARN_EMPTY_BODY = YES;
				CLANG_WARN_ENUM_CONVERSION = YES;
				CLANG_WARN_INFINITE_RECURSION = YES;
				CLANG_WARN_INT_CONVERSION = YES;
				CLANG_WARN_NON_LITERAL_NULL_CONVERSION = YES;
				CLANG_WARN_OBJC_IMPLICIT_RETAIN_SELF = YES;
				CLANG_WARN_OBJC_LITERAL_CONVERSION = YES;
				CLANG_WARN_OBJC_ROOT_CLASS = YES_ERROR;
				CLANG_WARN_RANGE_LOOP_ANALYSIS = YES;
				CLANG_WARN_STRICT_PROTOTYPES = YES;
				CLANG_WARN_SUSPICIOUS_MOVE = YES;
				CLANG_WARN_UNGUARDED_AVAILABILITY = YES_AGGRESSIVE;
				CLANG_WARN_UNREACHABLE_CODE = YES;
				CLANG_WARN__DUPLICATE_METHOD_MATCH = YES;
				CODE_SIGN_IDENTITY = "iPhone Developer";
				COPY_PHASE_STRIP = NO;
				DEBUG_INFORMATION_FORMAT = "dwarf-with-dsym";
				ENABLE_NS_ASSERTIONS = NO;
				ENABLE_STRICT_OBJC_MSGSEND = YES;
				GCC_C_LANGUAGE_STANDARD = gnu11;
				GCC_NO_COMMON_BLOCKS = YES;
				GCC_WARN_64_TO_32_BIT_CONVERSION = YES;
				GCC_WARN_ABOUT_RETURN_TYPE = YES_ERROR;
				GCC_WARN_UNDECLARED_SELECTOR = YES;
				GCC_WARN_UNINITIALIZED_AUTOS = YES_AGGRESSIVE;
				GCC_WARN_UNUSED_FUNCTION = YES;
				GCC_WARN_UNUSED_VARIABLE = YES;
				IPHONEOS_DEPLOYMENT_TARGET = 12.4;
				MTL_ENABLE_DEBUG_INFO = NO;
				MTL_FAST_MATH = YES;
				SDKROOT = iphoneos;
				SWIFT_COMPILATION_MODE = wholemodule;
				SWIFT_OPTIMIZATION_LEVEL = "-O";
				VALIDATE_PRODUCT = YES;
			};
			name = Release;
		};
		3DD83C3C23396A1000B035DE /* Debug */ = {
			isa = XCBuildConfiguration;
			buildSettings = {
				ASSETCATALOG_COMPILER_APPICON_NAME = AppIcon;
				CODE_SIGN_STYLE = Automatic;
				INFOPLIST_FILE = Navegacion/Info.plist;
				LD_RUNPATH_SEARCH_PATHS = (
					"$(inherited)",
					"@executable_path/Frameworks",
				);
				PRODUCT_BUNDLE_IDENTIFIER = ulsa.edu.Navegacion;
				PRODUCT_NAME = "$(TARGET_NAME)";
				SWIFT_VERSION = 5.0;
				TARGETED_DEVICE_FAMILY = "1,2";
			};
			name = Debug;
		};
		3DD83C3D23396A1000B035DE /* Release */ = {
			isa = XCBuildConfiguration;
			buildSettings = {
				ASSETCATALOG_COMPILER_APPICON_NAME = AppIcon;
				CODE_SIGN_STYLE = Automatic;
				INFOPLIST_FILE = Navegacion/Info.plist;
				LD_RUNPATH_SEARCH_PATHS = (
					"$(inherited)",
					"@executable_path/Frameworks",
				);
				PRODUCT_BUNDLE_IDENTIFIER = ulsa.edu.Navegacion;
				PRODUCT_NAME = "$(TARGET_NAME)";
				SWIFT_VERSION = 5.0;
				TARGETED_DEVICE_FAMILY = "1,2";
			};
			name = Release;
		};
		3DD83C3F23396A1000B035DE /* Debug */ = {
			isa = XCBuildConfiguration;
			buildSettings = {
				ALWAYS_EMBED_SWIFT_STANDARD_LIBRARIES = YES;
				BUNDLE_LOADER = "$(TEST_HOST)";
				CODE_SIGN_STYLE = Automatic;
				INFOPLIST_FILE = NavegacionTests/Info.plist;
				LD_RUNPATH_SEARCH_PATHS = (
					"$(inherited)",
					"@executable_path/Frameworks",
					"@loader_path/Frameworks",
				);
				PRODUCT_BUNDLE_IDENTIFIER = ulsa.edu.NavegacionTests;
				PRODUCT_NAME = "$(TARGET_NAME)";
				SWIFT_VERSION = 5.0;
				TARGETED_DEVICE_FAMILY = "1,2";
				TEST_HOST = "$(BUILT_PRODUCTS_DIR)/Navegacion.app/Navegacion";
			};
			name = Debug;
		};
		3DD83C4023396A1000B035DE /* Release */ = {
			isa = XCBuildConfiguration;
			buildSettings = {
				ALWAYS_EMBED_SWIFT_STANDARD_LIBRARIES = YES;
				BUNDLE_LOADER = "$(TEST_HOST)";
				CODE_SIGN_STYLE = Automatic;
				INFOPLIST_FILE = NavegacionTests/Info.plist;
				LD_RUNPATH_SEARCH_PATHS = (
					"$(inherited)",
					"@executable_path/Frameworks",
					"@loader_path/Frameworks",
				);
				PRODUCT_BUNDLE_IDENTIFIER = ulsa.edu.NavegacionTests;
				PRODUCT_NAME = "$(TARGET_NAME)";
				SWIFT_VERSION = 5.0;
				TARGETED_DEVICE_FAMILY = "1,2";
				TEST_HOST = "$(BUILT_PRODUCTS_DIR)/Navegacion.app/Navegacion";
			};
			name = Release;
		};
		3DD83C4223396A1000B035DE /* Debug */ = {
			isa = XCBuildConfiguration;
			buildSettings = {
				ALWAYS_EMBED_SWIFT_STANDARD_LIBRARIES = YES;
				CODE_SIGN_STYLE = Automatic;
				INFOPLIST_FILE = NavegacionUITests/Info.plist;
				LD_RUNPATH_SEARCH_PATHS = (
					"$(inherited)",
					"@executable_path/Frameworks",
					"@loader_path/Frameworks",
				);
				PRODUCT_BUNDLE_IDENTIFIER = ulsa.edu.NavegacionUITests;
				PRODUCT_NAME = "$(TARGET_NAME)";
				SWIFT_VERSION = 5.0;
				TARGETED_DEVICE_FAMILY = "1,2";
				TEST_TARGET_NAME = Navegacion;
			};
			name = Debug;
		};
		3DD83C4323396A1000B035DE /* Release */ = {
			isa = XCBuildConfiguration;
			buildSettings = {
				ALWAYS_EMBED_SWIFT_STANDARD_LIBRARIES = YES;
				CODE_SIGN_STYLE = Automatic;
				INFOPLIST_FILE = NavegacionUITests/Info.plist;
				LD_RUNPATH_SEARCH_PATHS = (
					"$(inherited)",
					"@executable_path/Frameworks",
					"@loader_path/Frameworks",
				);
				PRODUCT_BUNDLE_IDENTIFIER = ulsa.edu.NavegacionUITests;
				PRODUCT_NAME = "$(TARGET_NAME)";
				SWIFT_VERSION = 5.0;
				TARGETED_DEVICE_FAMILY = "1,2";
				TEST_TARGET_NAME = Navegacion;
			};
			name = Release;
		};
/* End XCBuildConfiguration section */

/* Begin XCConfigurationList section */
		3DD83C0E23396A0D00B035DE /* Build configuration list for PBXProject "Navegacion" */ = {
			isa = XCConfigurationList;
			buildConfigurations = (
				3DD83C3923396A0F00B035DE /* Debug */,
				3DD83C3A23396A0F00B035DE /* Release */,
			);
			defaultConfigurationIsVisible = 0;
			defaultConfigurationName = Release;
		};
		3DD83C3B23396A1000B035DE /* Build configuration list for PBXNativeTarget "Navegacion" */ = {
			isa = XCConfigurationList;
			buildConfigurations = (
				3DD83C3C23396A1000B035DE /* Debug */,
				3DD83C3D23396A1000B035DE /* Release */,
			);
			defaultConfigurationIsVisible = 0;
			defaultConfigurationName = Release;
		};
		3DD83C3E23396A1000B035DE /* Build configuration list for PBXNativeTarget "NavegacionTests" */ = {
			isa = XCConfigurationList;
			buildConfigurations = (
				3DD83C3F23396A1000B035DE /* Debug */,
				3DD83C4023396A1000B035DE /* Release */,
			);
			defaultConfigurationIsVisible = 0;
			defaultConfigurationName = Release;
		};
		3DD83C4123396A1000B035DE /* Build configuration list for PBXNativeTarget "NavegacionUITests" */ = {
			isa = XCConfigurationList;
			buildConfigurations = (
				3DD83C4223396A1000B035DE /* Debug */,
				3DD83C4323396A1000B035DE /* Release */,
			);
			defaultConfigurationIsVisible = 0;
			defaultConfigurationName = Release;
		};
/* End XCConfigurationList section */
	};
	rootObject = 3DD83C0B23396A0D00B035DE /* Project object */;
}
